# This file is generated by running "yarn install" inside your project.
# Manual changes might be lost - proceed with caution!

__metadata:
  version: 6
  cacheKey: 8

"@types/prop-types@npm:*":
  version: 15.7.3
  resolution: "@types/prop-types@npm:15.7.3"
  checksum: 41831d53c44c9eeafdaf9762bcb4553c13a3bbf990745ed9065a1cc3581b80633113b53fd49b202bf51731b258da5d0a9aa09c9035d5af7f78b0f6bc273f1325
  languageName: node
  linkType: hard

"@types/react-native@npm:*":
  version: 0.64.2
  resolution: "@types/react-native@npm:0.64.2"
  dependencies:
    "@types/react": "*"
  checksum: bd8b49b955a9dd541b556f948a1b04912f91e9415c43d0d8003d55946eb03566f87fe9c3bb375d1e10367721cdca52e1a5ca5478563e90b91bc7f930ecfdbb5d
  languageName: node
  linkType: hard

"@types/react@npm:*":
  version: 17.0.3
  resolution: "@types/react@npm:17.0.3"
  dependencies:
    "@types/prop-types": "*"
    "@types/scheduler": "*"
    csstype: ^3.0.2
  checksum: d29f2a33ed69fae9d9f42f8b39b40352e3209eb821f827d566330adfdffb48d2dc730982356cd50a7fda6171e6bc7deca793f7b105c95fce615a45ab313ecf41
  languageName: node
  linkType: hard

"@types/scheduler@npm:*":
  version: 0.16.1
  resolution: "@types/scheduler@npm:0.16.1"
  checksum: 2ff8034df029a6cbb3623b05fa895cac4fc504806a8e948ebe29675a1edfa5ac04faac7611016076b3ffefc2037bbe344ad1978304059b2d4c78e513ec43c7bf
  languageName: node
  linkType: hard

"csstype@npm:^3.0.2":
  version: 3.0.7
  resolution: "csstype@npm:3.0.7"
  checksum: 2f30c993be570c6d0de334b979a718370ee9bca9569c90340f13e05e542146c55b22e87372b858c061f9f8ded494da7a4715957882f9356cf9993ba11ab6f09c
  languageName: node
  linkType: hard

"react-native-qonversion@workspace:.":
  version: 0.0.0-use.local
  resolution: "react-native-qonversion@workspace:."
  dependencies:
    "@types/react": "*"
    "@types/react-native": "*"
    typescript: ^4.2.4
  peerDependencies:
    react: ^16.8.1
    react-native: ">=0.60.0-rc.0 <1.0.x"
  languageName: unknown
  linkType: soft

"typescript@npm:^4.2.4":
  version: 4.2.4
  resolution: "typescript@npm:4.2.4"
  bin:
    tsc: bin/tsc
    tsserver: bin/tsserver
  checksum: 89c397df192f239359ad798b96d8e8d552e12c0c189ac5676cec4c20c410d6eec636b8e59a88f2aef0a56d961a9678d99c400099be9b7cae2f7b062eb4b7b171
  languageName: node
  linkType: hard

"typescript@patch:typescript@^4.2.4#~builtin<compat/typescript>":
  version: 4.2.4
  resolution: "typescript@patch:typescript@npm%3A4.2.4#~builtin<compat/typescript>::version=4.2.4&hash=bda367"
  bin:
    tsc: bin/tsc
    tsserver: bin/tsserver
  checksum: eb86e0e8022e5297f7a7b871b6edfbf33b57049416ada8bf97c358760125c7c79f074fbebd1b8e8230f858ae05eb22ad0e805e8f6acd5eae1fa886681624c15e
  languageName: node
  linkType: hard
